Microsoft Visual Studio Solution File, Format Version 12.00
# Visual Studio 15
VisualStudioVersion = 15.0.27004.2010
MinimumVisualStudioVersion = 10.0.40219.1
Project("{2150E333-8FDC-42A3-9474-1A3956D46DE8}") = "stuff", "stuff", "{1ABDD7C1-1F8D-402D-8692-3E4B66962DE0}"
	ProjectSection(SolutionItems) = preProject
		CHANGELOG.md = CHANGELOG.md
		CONTRIBUTING.md = CONTRIBUTING.md
		LICENSE.md = LICENSE.md
		README.md = README.md
	EndProjectSection
EndProject
Project("{9A19103F-16F7-4668-BE54-9A1E7A4F7556}") = "Rebus.Testing", "Rebus.Testing\Rebus.Testing.csproj", "{D0CB84A1-4C3E-4D62-8323-7784C1120FAE}"
EndProject
Project("{9A19103F-16F7-4668-BE54-9A1E7A4F7556}") = "Rebus.Testing.Tests", "Rebus.Testing.Tests\Rebus.Testing.Tests.csproj", "{D29E8194-7B9E-4F25-819C-33F0CF1D4DB2}"
EndProject
Global
	GlobalSection(SolutionConfigurationPlatforms) = preSolution
		Debug|Any CPU = Debug|Any CPU
		Release|Any CPU = Release|Any CPU
	EndGlobalSection
	GlobalSection(ProjectConfigurationPlatforms) = postSolution
		{D0CB84A1-4C3E-4D62-8323-7784C1120FAE}.Debug|Any CPU.ActiveCfg = Debug|Any CPU
		{D0CB84A1-4C3E-4D62-8323-7784C1120FAE}.Debug|Any CPU.Build.0 = Debug|Any CPU
		{D0CB84A1-4C3E-4D62-8323-7784C1120FAE}.Release|Any CPU.ActiveCfg = Release|Any CPU
		{D0CB84A1-4C3E-4D62-8323-7784C1120FAE}.Release|Any CPU.Build.0 = Release|Any CPU
		{D29E8194-7B9E-4F25-819C-33F0CF1D4DB2}.Debug|Any CPU.ActiveCfg = Debug|Any CPU
		{D29E8194-7B9E-4F25-819C-33F0CF1D4DB2}.Debug|Any CPU.Build.0 = Debug|Any CPU
		{D29E8194-7B9E-4F25-819C-33F0CF1D4DB2}.Release|Any CPU.ActiveCfg = Release|Any CPU
		{D29E8194-7B9E-4F25-819C-33F0CF1D4DB2}.Release|Any CPU.Build.0 = Release|Any CPU
	EndGlobalSection
	GlobalSection(SolutionProperties) = preSolution
		HideSolutionNode = FALSE
	EndGlobalSection
	GlobalSection(ExtensibilityGlobals) = postSolution
		SolutionGuid = {0A98E6A6-B93F-4366-A6D4-85D02D254994}
	EndGlobalSection
EndGlobal
