Microsoft Visual Studio Solution File, Format Version 12.00
# Visual Studio Version 16
VisualStudioVersion = 16.0.31005.135
MinimumVisualStudioVersion = 10.0.40219.1
Project("{2150E333-8FDC-42A3-9474-1A3956D46DE8}") = "stuff", "stuff", "{1ABDD7C1-1F8D-402D-8692-3E4B66962DE0}"
	ProjectSection(SolutionItems) = preProject
		scripts\build.cmd = scripts\build.cmd
		CHANGELOG.md = CHANGELOG.md
		CONTRIBUTING.md = CONTRIBUTING.md
		LICENSE.md = LICENSE.md
		scripts\push.cmd = scripts\push.cmd
		README.md = README.md
		scripts\release.cmd = scripts\release.cmd
	EndProjectSection
EndProject
Project("{9A19103F-16F7-4668-BE54-9A1E7A4F7556}") = "Rebus.TestHelpers", "Rebus.TestHelpers\Rebus.TestHelpers.csproj", "{F03DF3CC-1544-4F1E-8228-81EDD15D5870}"
EndProject
Project("{9A19103F-16F7-4668-BE54-9A1E7A4F7556}") = "Rebus.TestHelpers.Tests", "Rebus.TestHelpers.Tests\Rebus.TestHelpers.Tests.csproj", "{96805FDA-3B02-4A61-8D1E-F8DCE040D59E}"
EndProject
Global
	GlobalSection(SolutionConfigurationPlatforms) = preSolution
		Debug|Any CPU = Debug|Any CPU
		Release|Any CPU = Release|Any CPU
	EndGlobalSection
	GlobalSection(ProjectConfigurationPlatforms) = postSolution
		{F03DF3CC-1544-4F1E-8228-81EDD15D5870}.Debug|Any CPU.ActiveCfg = Debug|Any CPU
		{F03DF3CC-1544-4F1E-8228-81EDD15D5870}.Debug|Any CPU.Build.0 = Debug|Any CPU
		{F03DF3CC-1544-4F1E-8228-81EDD15D5870}.Release|Any CPU.ActiveCfg = Release|Any CPU
		{F03DF3CC-1544-4F1E-8228-81EDD15D5870}.Release|Any CPU.Build.0 = Release|Any CPU
		{96805FDA-3B02-4A61-8D1E-F8DCE040D59E}.Debug|Any CPU.ActiveCfg = Debug|Any CPU
		{96805FDA-3B02-4A61-8D1E-F8DCE040D59E}.Debug|Any CPU.Build.0 = Debug|Any CPU
		{96805FDA-3B02-4A61-8D1E-F8DCE040D59E}.Release|Any CPU.ActiveCfg = Release|Any CPU
		{96805FDA-3B02-4A61-8D1E-F8DCE040D59E}.Release|Any CPU.Build.0 = Release|Any CPU
	EndGlobalSection
	GlobalSection(SolutionProperties) = preSolution
		HideSolutionNode = FALSE
	EndGlobalSection
	GlobalSection(ExtensibilityGlobals) = postSolution
		SolutionGuid = {0A98E6A6-B93F-4366-A6D4-85D02D254994}
	EndGlobalSection
EndGlobal
